// !$*UTF8*$!
{
	archiveVersion = 1;
	classes = {
	};
	objectVersion = 77;
	objects = {

/* Begin PBXBuildFile section */
		4DAF736E2EA6262E00B7A2C2 /* SI_GameEngine in Frameworks */ = {isa = PBXBuildFile; productRef = 4DAF736D2EA6262E00B7A2C2 /* SI_GameEngine */; };
/* End PBXBuildFile section */

/* Begin PBXContainerItemProxy section */
		4DAF73502EA6247000B7A2C2 /* PBXContainerItemProxy */ = {
			isa = PBXContainerItemProxy;
			containerPortal = 4DAF73342EA6246F00B7A2C2 /* Project object */;
			proxyType = 1;
			remoteGlobalIDString = 4DAF733B2EA6246F00B7A2C2;
			remoteInfo = "Shipping-Investors";
		};
		4DAF735A2EA6247100B7A2C2 /* PBXContainerItemProxy */ = {
			isa = PBXContainerItemProxy;
			containerPortal = 4DAF73342EA6246F00B7A2C2 /* Project object */;
			proxyType = 1;
			remoteGlobalIDString = 4DAF733B2EA6246F00B7A2C2;
			remoteInfo = "Shipping-Investors";
		};
/* End PBXContainerItemProxy section */

/* Begin PBXFileReference section */
		4DAF733C2EA6246F00B7A2C2 /* Shipping-Investors.app */ = {isa = PBXFileReference; explicitFileType = wrapper.application; includeInIndex = 0; path = "Shipping-Investors.app"; sourceTree = BUILT_PRODUCTS_DIR; };
		4DAF734F2EA6247000B7A2C2 /* Shipping-InvestorsTests.xctest */ = {isa = PBXFileReference; explicitFileType = wrapper.cfbundle; includeInIndex = 0; path = "Shipping-InvestorsTests.xctest"; sourceTree = BUILT_PRODUCTS_DIR; };
		4DAF73592EA6247100B7A2C2 /* Shipping-InvestorsUITests.xctest */ = {isa = PBXFileReference; explicitFileType = wrapper.cfbundle; includeInIndex = 0; path = "Shipping-InvestorsUITests.xctest"; sourceTree = BUILT_PRODUCTS_DIR; };
/* End PBXFileReference section */

/* Begin PBXFileSystemSynchronizedRootGroup section */
		4DAF733E2EA6246F00B7A2C2 /* Shipping-Investors */ = {
			isa = PBXFileSystemSynchronizedRootGroup;
			path = "Shipping-Investors";
			sourceTree = "<group>";
		};
		4DAF73522EA6247000B7A2C2 /* Shipping-InvestorsTests */ = {
			isa = PBXFileSystemSynchronizedRootGroup;
			path = "Shipping-InvestorsTests";
			sourceTree = "<group>";
		};
		4DAF735C2EA6247100B7A2C2 /* Shipping-InvestorsUITests */ = {
			isa = PBXFileSystemSynchronizedRootGroup;
			path = "Shipping-InvestorsUITests";
			sourceTree = "<group>";
		};
/* End PBXFileSystemSynchronizedRootGroup section */

/* Begin PBXFrameworksBuildPhase section */
		4DAF73392EA6246F00B7A2C2 /* Frameworks */ = {
			isa = PBXFrameworksBuildPhase;
			buildActionMask = 2147483647;
			files = (
				4DAF736E2EA6262E00B7A2C2 /* SI_GameEngine in Frameworks */,
			);
			runOnlyForDeploymentPostprocessing = 0;
		};
		4DAF734C2EA6247000B7A2C2 /* Frameworks */ = {
			isa = PBXFrameworksBuildPhase;
			buildActionMask = 2147483647;
			files = (
			);
			runOnlyForDeploymentPostprocessing = 0;
		};
		4DAF73562EA6247100B7A2C2 /* Frameworks */ = {
			isa = PBXFrameworksBuildPhase;
			buildActionMask = 2147483647;
			files = (
			);
			runOnlyForDeploymentPostprocessing = 0;
		};
/* End PBXFrameworksBuildPhase section */

/* Begin PBXGroup section */
		4DAF73332EA6246F00B7A2C2 = {
			isa = PBXGroup;
			children = (
				4DAF733E2EA6246F00B7A2C2 /* Shipping-Investors */,
				4DAF73522EA6247000B7A2C2 /* Shipping-InvestorsTests */,
				4DAF735C2EA6247100B7A2C2 /* Shipping-InvestorsUITests */,
				4DAF733D2EA6246F00B7A2C2 /* Products */,
			);
			sourceTree = "<group>";
		};
		4DAF733D2EA6246F00B7A2C2 /* Products */ = {
			isa = PBXGroup;
			children = (
				4DAF733C2EA6246F00B7A2C2 /* Shipping-Investors.app */,
				4DAF734F2EA6247000B7A2C2 /* Shipping-InvestorsTests.xctest */,
				4DAF73592EA6247100B7A2C2 /* Shipping-InvestorsUITests.xctest */,
			);
			name = Products;
			sourceTree = "<group>";
		};
/* End PBXGroup section */

/* Begin PBXNativeTarget section */
		4DAF733B2EA6246F00B7A2C2 /* Shipping-Investors */ = {
			isa = PBXNativeTarget;
			buildConfigurationList = 4DAF73632EA6247100B7A2C2 /* Build configuration list for PBXNativeTarget "Shipping-Investors" */;
			buildPhases = (
				4DAF73382EA6246F00B7A2C2 /* Sources */,
				4DAF73392EA6246F00B7A2C2 /* Frameworks */,
				4DAF733A2EA6246F00B7A2C2 /* Resources */,
			);
			buildRules = (
			);
			dependencies = (
			);
			fileSystemSynchronizedGroups = (
				4DAF733E2EA6246F00B7A2C2 /* Shipping-Investors */,
			);
			name = "Shipping-Investors";
			packageProductDependencies = (
				4DAF736D2EA6262E00B7A2C2 /* SI_GameEngine */,
			);
			productName = "Shipping-Investors";
			productReference = 4DAF733C2EA6246F00B7A2C2 /* Shipping-Investors.app */;
			productType = "com.apple.product-type.application";
		};
		4DAF734E2EA6247000B7A2C2 /* Shipping-InvestorsTests */ = {
			isa = PBXNativeTarget;
			buildConfigurationList = 4DAF73662EA6247100B7A2C2 /* Build configuration list for PBXNativeTarget "Shipping-InvestorsTests" */;
			buildPhases = (
				4DAF734B2EA6247000B7A2C2 /* Sources */,
				4DAF734C2EA6247000B7A2C2 /* Frameworks */,
				4DAF734D2EA6247000B7A2C2 /* Resources */,
			);
			buildRules = (
			);
			dependencies = (
				4DAF73512EA6247000B7A2C2 /* PBXTargetDependency */,
			);
			fileSystemSynchronizedGroups = (
				4DAF73522EA6247000B7A2C2 /* Shipping-InvestorsTests */,
			);
			name = "Shipping-InvestorsTests";
			packageProductDependencies = (
			);
			productName = "Shipping-InvestorsTests";
			productReference = 4DAF734F2EA6247000B7A2C2 /* Shipping-InvestorsTests.xctest */;
			productType = "com.apple.product-type.bundle.unit-test";
		};
		4DAF73582EA6247100B7A2C2 /* Shipping-InvestorsUITests */ = {
			isa = PBXNativeTarget;
			buildConfigurationList = 4DAF73692EA6247100B7A2C2 /* Build configuration list for PBXNativeTarget "Shipping-InvestorsUITests" */;
			buildPhases = (
				4DAF73552EA6247100B7A2C2 /* Sources */,
				4DAF73562EA6247100B7A2C2 /* Frameworks */,
				4DAF73572EA6247100B7A2C2 /* Resources */,
			);
			buildRules = (
			);
			dependencies = (
				4DAF735B2EA6247100B7A2C2 /* PBXTargetDependency */,
			);
			fileSystemSynchronizedGroups = (
				4DAF735C2EA6247100B7A2C2 /* Shipping-InvestorsUITests */,
			);
			name = "Shipping-InvestorsUITests";
			packageProductDependencies = (
			);
			productName = "Shipping-InvestorsUITests";
			productReference = 4DAF73592EA6247100B7A2C2 /* Shipping-InvestorsUITests.xctest */;
			productType = "com.apple.product-type.bundle.ui-testing";
		};
/* End PBXNativeTarget section */

/* Begin PBXProject section */
		4DAF73342EA6246F00B7A2C2 /* Project object */ = {
			isa = PBXProject;
			attributes = {
				BuildIndependentTargetsInParallel = 1;
				LastSwiftUpdateCheck = 1620;
				LastUpgradeCheck = 1620;
				TargetAttributes = {
					4DAF733B2EA6246F00B7A2C2 = {
						CreatedOnToolsVersion = 16.2;
					};
					4DAF734E2EA6247000B7A2C2 = {
						CreatedOnToolsVersion = 16.2;
						TestTargetID = 4DAF733B2EA6246F00B7A2C2;
					};
					4DAF73582EA6247100B7A2C2 = {
						CreatedOnToolsVersion = 16.2;
						TestTargetID = 4DAF733B2EA6246F00B7A2C2;
					};
				};
			};
			buildConfigurationList = 4DAF73372EA6246F00B7A2C2 /* Build configuration list for PBXProject "Shipping-Investors" */;
			developmentRegion = en;
			hasScannedForEncodings = 0;
			knownRegions = (
				en,
				Base,
			);
			mainGroup = 4DAF73332EA6246F00B7A2C2;
			minimizedProjectReferenceProxies = 1;
			packageReferences = (
				4DAF736C2EA6262E00B7A2C2 /* XCLocalSwiftPackageReference "../SI_GameEngine" */,
			);
			preferredProjectObjectVersion = 77;
			productRefGroup = 4DAF733D2EA6246F00B7A2C2 /* Products */;
			projectDirPath = "";
			projectRoot = "";
			targets = (
				4DAF733B2EA6246F00B7A2C2 /* Shipping-Investors */,
				4DAF734E2EA6247000B7A2C2 /* Shipping-InvestorsTests */,
				4DAF73582EA6247100B7A2C2 /* Shipping-InvestorsUITests */,
			);
		};
/* End PBXProject section */

/* Begin PBXResourcesBuildPhase section */
		4DAF733A2EA6246F00B7A2C2 /* Resources */ = {
			isa = PBXResourcesBuildPhase;
			buildActionMask = 2147483647;
			files = (
			);
			runOnlyForDeploymentPostprocessing = 0;
		};
		4DAF734D2EA6247000B7A2C2 /* Resources */ = {
			isa = PBXResourcesBuildPhase;
			buildActionMask = 2147483647;
			files = (
			);
			runOnlyForDeploymentPostprocessing = 0;
		};
		4DAF73572EA6247100B7A2C2 /* Resources */ = {
			isa = PBXResourcesBuildPhase;
			buildActionMask = 2147483647;
			files = (
			);
			runOnlyForDeploymentPostprocessing = 0;
		};
/* End PBXResourcesBuildPhase section */

/* Begin PBXSourcesBuildPhase section */
		4DAF73382EA6246F00B7A2C2 /* Sources */ = {
			isa = PBXSourcesBuildPhase;
			buildActionMask = 2147483647;
			files = (
			);
			runOnlyForDeploymentPostprocessing = 0;
		};
		4DAF734B2EA6247000B7A2C2 /* Sources */ = {
			isa = PBXSourcesBuildPhase;
			buildActionMask = 2147483647;
			files = (
			);
			runOnlyForDeploymentPostprocessing = 0;
		};
		4DAF73552EA6247100B7A2C2 /* Sources */ = {
			isa = PBXSourcesBuildPhase;
			buildActionMask = 2147483647;
			files = (
			);
			runOnlyForDeploymentPostprocessing = 0;
		};
/* End PBXSourcesBuildPhase section */

/* Begin PBXTargetDependency section */
		4DAF73512EA6247000B7A2C2 /* PBXTargetDependency */ = {
			isa = PBXTargetDependency;
			target = 4DAF733B2EA6246F00B7A2C2 /* Shipping-Investors */;
			targetProxy = 4DAF73502EA6247000B7A2C2 /* PBXContainerItemProxy */;
		};
		4DAF735B2EA6247100B7A2C2 /* PBXTargetDependency */ = {
			isa = PBXTargetDependency;
			target = 4DAF733B2EA6246F00B7A2C2 /* Shipping-Investors */;
			targetProxy = 4DAF735A2EA6247100B7A2C2 /* PBXContainerItemProxy */;
		};
/* End PBXTargetDependency section */

/* Begin XCBuildConfiguration section */
		4DAF73612EA6247100B7A2C2 /* Debug */ = {
			isa = XCBuildConfiguration;
			buildSettings = {
				ALWAYS_SEARCH_USER_PATHS = NO;
				ASSETCATALOG_COMPILER_GENERATE_SWIFT_ASSET_SYMBOL_EXTENSIONS = YES;
				CLANG_ANALYZER_NONNULL = YES;
				CLANG_ANALYZER_NUMBER_OBJECT_CONVERSION = YES_AGGRESSIVE;
				CLANG_CXX_LANGUAGE_STANDARD = "gnu++20";
				CLANG_ENABLE_MODULES = YES;
				CLANG_ENABLE_OBJC_ARC = YES;
				CLANG_ENABLE_OBJC_WEAK = YES;
				CLANG_WARN_BLOCK_CAPTURE_AUTORELEASING = YES;
				CLANG_WARN_BOOL_CONVERSION = YES;
				CLANG_WARN_COMMA = YES;
				CLANG_WARN_CONSTANT_CONVERSION = YES;
				CLANG_WARN_DEPRECATED_OBJC_IMPLEMENTATIONS = YES;
				CLANG_WARN_DIRECT_OBJC_ISA_USAGE = YES_ERROR;
				CLANG_WARN_DOCUMENTATION_COMMENTS = YES;
				CLANG_WARN_EMPTY_BODY = YES;
				CLANG_WARN_ENUM_CONVERSION = YES;
				CLANG_WARN_INFINITE_RECURSION = YES;
				CLANG_WARN_INT_CONVERSION = YES;
				CLANG_WARN_NON_LITERAL_NULL_CONVERSION = YES;
				CLANG_WARN_OBJC_IMPLICIT_RETAIN_SELF = YES;
				CLANG_WARN_OBJC_LITERAL_CONVERSION = YES;
				CLANG_WARN_OBJC_ROOT_CLASS = YES_ERROR;
				CLANG_WARN_QUOTED_INCLUDE_IN_FRAMEWORK_HEADER = YES;
				CLANG_WARN_RANGE_LOOP_ANALYSIS = YES;
				CLANG_WARN_STRICT_PROTOTYPES = YES;
				CLANG_WARN_SUSPICIOUS_MOVE = YES;
				CLANG_WARN_UNGUARDED_AVAILABILITY = YES_AGGRESSIVE;
				CLANG_WARN_UNREACHABLE_CODE = YES;
				CLANG_WARN__DUPLICATE_METHOD_MATCH = YES;
				COPY_PHASE_STRIP = NO;
				DEBUG_INFORMATION_FORMAT = dwarf;
				ENABLE_STRICT_OBJC_MSGSEND = YES;
				ENABLE_TESTABILITY = YES;
				ENABLE_USER_SCRIPT_SANDBOXING = YES;
				GCC_C_LANGUAGE_STANDARD = gnu17;
				GCC_DYNAMIC_NO_PIC = NO;
				GCC_NO_COMMON_BLOCKS = YES;
				GCC_OPTIMIZATION_LEVEL = 0;
				GCC_PREPROCESSOR_DEFINITIONS = (
					"DEBUG=1",
					"$(inherited)",
				);
				GCC_WARN_64_TO_32_BIT_CONVERSION = YES;
				GCC_WARN_ABOUT_RETURN_TYPE = YES_ERROR;
				GCC_WARN_UNDECLARED_SELECTOR = YES;
				GCC_WARN_UNINITIALIZED_AUTOS = YES_AGGRESSIVE;
				GCC_WARN_UNUSED_FUNCTION = YES;
				GCC_WARN_UNUSED_VARIABLE = YES;
				LOCALIZATION_PREFERS_STRING_CATALOGS = YES;
				MTL_ENABLE_DEBUG_INFO = INCLUDE_SOURCE;
				MTL_FAST_MATH = YES;
				ONLY_ACTIVE_ARCH = YES;
				SWIFT_ACTIVE_COMPILATION_CONDITIONS = "DEBUG $(inherited)";
				SWIFT_OPTIMIZATION_LEVEL = "-Onone";
			};
			name = Debug;
		};
		4DAF73622EA6247100B7A2C2 /* Release */ = {
			isa = XCBuildConfiguration;
			buildSettings = {
				ALWAYS_SEARCH_USER_PATHS = NO;
				ASSETCATALOG_COMPILER_GENERATE_SWIFT_ASSET_SYMBOL_EXTENSIONS = YES;
				CLANG_ANALYZER_NONNULL = YES;
				CLANG_ANALYZER_NUMBER_OBJECT_CONVERSION = YES_AGGRESSIVE;
				CLANG_CXX_LANGUAGE_STANDARD = "gnu++20";
				CLANG_ENABLE_MODULES = YES;
				CLANG_ENABLE_OBJC_ARC = YES;
				CLANG_ENABLE_OBJC_WEAK = YES;
				CLANG_WARN_BLOCK_CAPTURE_AUTORELEASING = YES;
				CLANG_WARN_BOOL_CONVERSION = YES;
				CLANG_WARN_COMMA = YES;
				CLANG_WARN_CONSTANT_CONVERSION = YES;
				CLANG_WARN_DEPRECATED_OBJC_IMPLEMENTATIONS = YES;
				CLANG_WARN_DIRECT_OBJC_ISA_USAGE = YES_ERROR;
				CLANG_WARN_DOCUMENTATION_COMMENTS = YES;
				CLANG_WARN_EMPTY_BODY = YES;
				CLANG_WARN_ENUM_CONVERSION = YES;
				CLANG_WARN_INFINITE_RECURSION = YES;
				CLANG_WARN_INT_CONVERSION = YES;
				CLANG_WARN_NON_LITERAL_NULL_CONVERSION = YES;
				CLANG_WARN_OBJC_IMPLICIT_RETAIN_SELF = YES;
				CLANG_WARN_OBJC_LITERAL_CONVERSION = YES;
				CLANG_WARN_OBJC_ROOT_CLASS = YES_ERROR;
				CLANG_WARN_QUOTED_INCLUDE_IN_FRAMEWORK_HEADER = YES;
				CLANG_WARN_RANGE_LOOP_ANALYSIS = YES;
				CLANG_WARN_STRICT_PROTOTYPES = YES;
				CLANG_WARN_SUSPICIOUS_MOVE = YES;
				CLANG_WARN_UNGUARDED_AVAILABILITY = YES_AGGRESSIVE;
				CLANG_WARN_UNREACHABLE_CODE = YES;
				CLANG_WARN__DUPLICATE_METHOD_MATCH = YES;
				COPY_PHASE_STRIP = NO;
				DEBUG_INFORMATION_FORMAT = "dwarf-with-dsym";
				ENABLE_NS_ASSERTIONS = NO;
				ENABLE_STRICT_OBJC_MSGSEND = YES;
				ENABLE_USER_SCRIPT_SANDBOXING = YES;
				GCC_C_LANGUAGE_STANDARD = gnu17;
				GCC_NO_COMMON_BLOCKS = YES;
				GCC_WARN_64_TO_32_BIT_CONVERSION = YES;
				GCC_WARN_ABOUT_RETURN_TYPE = YES_ERROR;
				GCC_WARN_UNDECLARED_SELECTOR = YES;
				GCC_WARN_UNINITIALIZED_AUTOS = YES_AGGRESSIVE;
				GCC_WARN_UNUSED_FUNCTION = YES;
				GCC_WARN_UNUSED_VARIABLE = YES;
				LOCALIZATION_PREFERS_STRING_CATALOGS = YES;
				MTL_ENABLE_DEBUG_INFO = NO;
				MTL_FAST_MATH = YES;
				SWIFT_COMPILATION_MODE = wholemodule;
			};
			name = Release;
		};
		4DAF73642EA6247100B7A2C2 /* Debug */ = {
			isa = XCBuildConfiguration;
			buildSettings = {
				ASSETCATALOG_COMPILER_APPICON_NAME = AppIcon;
				ASSETCATALOG_COMPILER_GLOBAL_ACCENT_COLOR_NAME = AccentColor;
				CODE_SIGN_ENTITLEMENTS = "Shipping-Investors/Shipping_Investors.entitlements";
				"CODE_SIGN_IDENTITY[sdk=macosx*]" = "Apple Development";
				CODE_SIGN_STYLE = Automatic;
				CURRENT_PROJECT_VERSION = 1;
				DEVELOPMENT_ASSET_PATHS = "\"Shipping-Investors/Preview Content\"";
				DEVELOPMENT_TEAM = A48R25Y4D5;
				ENABLE_HARDENED_RUNTIME = YES;
				ENABLE_PREVIEWS = YES;
				GENERATE_INFOPLIST_FILE = YES;
				INFOPLIST_KEY_CFBundleDisplayName = "Shipping Investors";
				INFOPLIST_KEY_LSApplicationCategoryType = "public.app-category.card-games";
				"INFOPLIST_KEY_UIApplicationSceneManifest_Generation[sdk=iphoneos*]" = YES;
				"INFOPLIST_KEY_UIApplicationSceneManifest_Generation[sdk=iphonesimulator*]" = YES;
				"INFOPLIST_KEY_UIApplicationSupportsIndirectInputEvents[sdk=iphoneos*]" = YES;
				"INFOPLIST_KEY_UIApplicationSupportsIndirectInputEvents[sdk=iphonesimulator*]" = YES;
				"INFOPLIST_KEY_UILaunchScreen_Generation[sdk=iphoneos*]" = YES;
				"INFOPLIST_KEY_UILaunchScreen_Generation[sdk=iphonesimulator*]" = YES;
				"INFOPLIST_KEY_UIStatusBarStyle[sdk=iphoneos*]" = UIStatusBarStyleDefault;
				"INFOPLIST_KEY_UIStatusBarStyle[sdk=iphonesimulator*]" = UIStatusBarStyleDefault;
				INFOPLIST_KEY_UISupportedInterfaceOrientations = "UIInterfaceOrientationPortrait UIInterfaceOrientationPortraitUpsideDown";
				IPHONEOS_DEPLOYMENT_TARGET = 16.6;
				LD_RUNPATH_SEARCH_PATHS = "@executable_path/Frameworks";
				"LD_RUNPATH_SEARCH_PATHS[sdk=macosx*]" = "@executable_path/../Frameworks";
				MACOSX_DEPLOYMENT_TARGET = 14.0;
				MARKETING_VERSION = 1.0;
				PRODUCT_BUNDLE_IDENTIFIER = "uk.co.silentflute.Shipping-Investors";
				PRODUCT_NAME = "$(TARGET_NAME)";
				SDKROOT = auto;
				SUPPORTED_PLATFORMS = "iphoneos iphonesimulator macosx";
				SUPPORTS_MACCATALYST = NO;
				SWIFT_EMIT_LOC_STRINGS = YES;
				SWIFT_VERSION = 5.0;
				TARGETED_DEVICE_FAMILY = "1,2";
				XROS_DEPLOYMENT_TARGET = 2.2;
			};
			name = Debug;
		};
		4DAF73652EA6247100B7A2C2 /* Release */ = {
			isa = XCBuildConfiguration;
			buildSettings = {
				ASSETCATALOG_COMPILER_APPICON_NAME = AppIcon;
				ASSETCATALOG_COMPILER_GLOBAL_ACCENT_COLOR_NAME = AccentColor;
				CODE_SIGN_ENTITLEMENTS = "Shipping-Investors/Shipping_Investors.entitlements";
				"CODE_SIGN_IDENTITY[sdk=macosx*]" = "Apple Development";
				CODE_SIGN_STYLE = Automatic;
				CURRENT_PROJECT_VERSION = 1;
				DEVELOPMENT_ASSET_PATHS = "\"Shipping-Investors/Preview Content\"";
				DEVELOPMENT_TEAM = A48R25Y4D5;
				ENABLE_HARDENED_RUNTIME = YES;
				ENABLE_PREVIEWS = YES;
				GENERATE_INFOPLIST_FILE = YES;
				INFOPLIST_KEY_CFBundleDisplayName = "Shipping Investors";
				INFOPLIST_KEY_LSApplicationCategoryType = "public.app-category.card-games";
				"INFOPLIST_KEY_UIApplicationSceneManifest_Generation[sdk=iphoneos*]" = YES;
				"INFOPLIST_KEY_UIApplicationSceneManifest_Generation[sdk=iphonesimulator*]" = YES;
				"INFOPLIST_KEY_UIApplicationSupportsIndirectInputEvents[sdk=iphoneos*]" = YES;
				"INFOPLIST_KEY_UIApplicationSupportsIndirectInputEvents[sdk=iphonesimulator*]" = YES;
				"INFOPLIST_KEY_UILaunchScreen_Generation[sdk=iphoneos*]" = YES;
				"INFOPLIST_KEY_UILaunchScreen_Generation[sdk=iphonesimulator*]" = YES;
				"INFOPLIST_KEY_UIStatusBarStyle[sdk=iphoneos*]" = UIStatusBarStyleDefault;
				"INFOPLIST_KEY_UIStatusBarStyle[sdk=iphonesimulator*]" = UIStatusBarStyleDefault;
				INFOPLIST_KEY_UISupportedInterfaceOrientations = "UIInterfaceOrientationPortrait UIInterfaceOrientationPortraitUpsideDown";
				IPHONEOS_DEPLOYMENT_TARGET = 16.6;
				LD_RUNPATH_SEARCH_PATHS = "@executable_path/Frameworks";
				"LD_RUNPATH_SEARCH_PATHS[sdk=macosx*]" = "@executable_path/../Frameworks";
				MACOSX_DEPLOYMENT_TARGET = 14.0;
				MARKETING_VERSION = 1.0;
				PRODUCT_BUNDLE_IDENTIFIER = "uk.co.silentflute.Shipping-Investors";
				PRODUCT_NAME = "$(TARGET_NAME)";
				SDKROOT = auto;
				SUPPORTED_PLATFORMS = "iphoneos iphonesimulator macosx";
				SUPPORTS_MACCATALYST = NO;
				SWIFT_EMIT_LOC_STRINGS = YES;
				SWIFT_VERSION = 5.0;
				TARGETED_DEVICE_FAMILY = "1,2";
				XROS_DEPLOYMENT_TARGET = 2.2;
			};
			name = Release;
		};
		4DAF73672EA6247100B7A2C2 /* Debug */ = {
			isa = XCBuildConfiguration;
			buildSettings = {
				BUNDLE_LOADER = "$(TEST_HOST)";
				CODE_SIGN_STYLE = Automatic;
				CURRENT_PROJECT_VERSION = 1;
				DEVELOPMENT_TEAM = A48R25Y4D5;
				GENERATE_INFOPLIST_FILE = YES;
				IPHONEOS_DEPLOYMENT_TARGET = 18.2;
				MACOSX_DEPLOYMENT_TARGET = 14.6;
				MARKETING_VERSION = 1.0;
				PRODUCT_BUNDLE_IDENTIFIER = "uk.co.silentflute.Shipping-InvestorsTests";
				PRODUCT_NAME = "$(TARGET_NAME)";
				SDKROOT = auto;
				SUPPORTED_PLATFORMS = "iphoneos iphonesimulator macosx xros xrsimulator";
				SWIFT_EMIT_LOC_STRINGS = NO;
				SWIFT_VERSION = 5.0;
				TARGETED_DEVICE_FAMILY = "1,2,7";
				TEST_HOST = "$(BUILT_PRODUCTS_DIR)/Shipping-Investors.app/$(BUNDLE_EXECUTABLE_FOLDER_PATH)/Shipping-Investors";
				XROS_DEPLOYMENT_TARGET = 2.2;
			};
			name = Debug;
		};
		4DAF73682EA6247100B7A2C2 /* Release */ = {
			isa = XCBuildConfiguration;
			buildSettings = {
				BUNDLE_LOADER = "$(TEST_HOST)";
				CODE_SIGN_STYLE = Automatic;
				CURRENT_PROJECT_VERSION = 1;
				DEVELOPMENT_TEAM = A48R25Y4D5;
				GENERATE_INFOPLIST_FILE = YES;
				IPHONEOS_DEPLOYMENT_TARGET = 18.2;
				MACOSX_DEPLOYMENT_TARGET = 14.6;
				MARKETING_VERSION = 1.0;
				PRODUCT_BUNDLE_IDENTIFIER = "uk.co.silentflute.Shipping-InvestorsTests";
				PRODUCT_NAME = "$(TARGET_NAME)";
				SDKROOT = auto;
				SUPPORTED_PLATFORMS = "iphoneos iphonesimulator macosx xros xrsimulator";
				SWIFT_EMIT_LOC_STRINGS = NO;
				SWIFT_VERSION = 5.0;
				TARGETED_DEVICE_FAMILY = "1,2,7";
				TEST_HOST = "$(BUILT_PRODUCTS_DIR)/Shipping-Investors.app/$(BUNDLE_EXECUTABLE_FOLDER_PATH)/Shipping-Investors";
				XROS_DEPLOYMENT_TARGET = 2.2;
			};
			name = Release;
		};
		4DAF736A2EA6247100B7A2C2 /* Debug */ = {
			isa = XCBuildConfiguration;
			buildSettings = {
				CODE_SIGN_STYLE = Automatic;
				CURRENT_PROJECT_VERSION = 1;
				DEVELOPMENT_TEAM = A48R25Y4D5;
				GENERATE_INFOPLIST_FILE = YES;
				IPHONEOS_DEPLOYMENT_TARGET = 18.2;
				MACOSX_DEPLOYMENT_TARGET = 14.6;
				MARKETING_VERSION = 1.0;
				PRODUCT_BUNDLE_IDENTIFIER = "uk.co.silentflute.Shipping-InvestorsUITests";
				PRODUCT_NAME = "$(TARGET_NAME)";
				SDKROOT = auto;
				SUPPORTED_PLATFORMS = "iphoneos iphonesimulator macosx xros xrsimulator";
				SWIFT_EMIT_LOC_STRINGS = NO;
				SWIFT_VERSION = 5.0;
				TARGETED_DEVICE_FAMILY = "1,2,7";
				TEST_TARGET_NAME = "Shipping-Investors";
				XROS_DEPLOYMENT_TARGET = 2.2;
			};
			name = Debug;
		};
		4DAF736B2EA6247100B7A2C2 /* Release */ = {
			isa = XCBuildConfiguration;
			buildSettings = {
				CODE_SIGN_STYLE = Automatic;
				CURRENT_PROJECT_VERSION = 1;
				DEVELOPMENT_TEAM = A48R25Y4D5;
				GENERATE_INFOPLIST_FILE = YES;
				IPHONEOS_DEPLOYMENT_TARGET = 18.2;
				MACOSX_DEPLOYMENT_TARGET = 14.6;
				MARKETING_VERSION = 1.0;
				PRODUCT_BUNDLE_IDENTIFIER = "uk.co.silentflute.Shipping-InvestorsUITests";
				PRODUCT_NAME = "$(TARGET_NAME)";
				SDKROOT = auto;
				SUPPORTED_PLATFORMS = "iphoneos iphonesimulator macosx xros xrsimulator";
				SWIFT_EMIT_LOC_STRINGS = NO;
				SWIFT_VERSION = 5.0;
				TARGETED_DEVICE_FAMILY = "1,2,7";
				TEST_TARGET_NAME = "Shipping-Investors";
				XROS_DEPLOYMENT_TARGET = 2.2;
			};
			name = Release;
		};
/* End XCBuildConfiguration section */

/* Begin XCConfigurationList section */
		4DAF73372EA6246F00B7A2C2 /* Build configuration list for PBXProject "Shipping-Investors" */ = {
			isa = XCConfigurationList;
			buildConfigurations = (
				4DAF73612EA6247100B7A2C2 /* Debug */,
				4DAF73622EA6247100B7A2C2 /* Release */,
			);
			defaultConfigurationIsVisible = 0;
			defaultConfigurationName = Release;
		};
		4DAF73632EA6247100B7A2C2 /* Build configuration list for PBXNativeTarget "Shipping-Investors" */ = {
			isa = XCConfigurationList;
			buildConfigurations = (
				4DAF73642EA6247100B7A2C2 /* Debug */,
				4DAF73652EA6247100B7A2C2 /* Release */,
			);
			defaultConfigurationIsVisible = 0;
			defaultConfigurationName = Release;
		};
		4DAF73662EA6247100B7A2C2 /* Build configuration list for PBXNativeTarget "Shipping-InvestorsTests" */ = {
			isa = XCConfigurationList;
			buildConfigurations = (
				4DAF73672EA6247100B7A2C2 /* Debug */,
				4DAF73682EA6247100B7A2C2 /* Release */,
			);
			defaultConfigurationIsVisible = 0;
			defaultConfigurationName = Release;
		};
		4DAF73692EA6247100B7A2C2 /* Build configuration list for PBXNativeTarget "Shipping-InvestorsUITests" */ = {
			isa = XCConfigurationList;
			buildConfigurations = (
				4DAF736A2EA6247100B7A2C2 /* Debug */,
				4DAF736B2EA6247100B7A2C2 /* Release */,
			);
			defaultConfigurationIsVisible = 0;
			defaultConfigurationName = Release;
		};
/* End XCConfigurationList section */

/* Begin XCLocalSwiftPackageReference section */
		4DAF736C2EA6262E00B7A2C2 /* XCLocalSwiftPackageReference "../SI_GameEngine" */ = {
			isa = XCLocalSwiftPackageReference;
			relativePath = ../SI_GameEngine;
		};
/* End XCLocalSwiftPackageReference section */

/* Begin XCSwiftPackageProductDependency section */
		4DAF736D2EA6262E00B7A2C2 /* SI_GameEngine */ = {
			isa = XCSwiftPackageProductDependency;
			productName = SI_GameEngine;
		};
/* End XCSwiftPackageProductDependency section */
	};
	rootObject = 4DAF73342EA6246F00B7A2C2 /* Project object */;
}
